// !$*UTF8*$!
{
	archiveVersion = 1;
	classes = {
	};
	objectVersion = 56;
	objects = {

/* Begin PBXBuildFile section */
		B45523BA2C2A7FA600C72ACA /* ProductDetailView.swift in Sources */ = {isa = PBXBuildFile; fileRef = B45523B92C2A7FA600C72ACA /* ProductDetailView.swift */; };
		B45523BF2C2A83E100C72ACA /* DetailHeaderView.swift in Sources */ = {isa = PBXBuildFile; fileRef = B45523BE2C2A83E100C72ACA /* DetailHeaderView.swift */; };
		B45523C12C2A86E100C72ACA /* ImageCarouselView.swift in Sources */ = {isa = PBXBuildFile; fileRef = B45523C02C2A86E100C72ACA /* ImageCarouselView.swift */; };
		B45523C32C2A91F200C72ACA /* DetailContentView.swift in Sources */ = {isa = PBXBuildFile; fileRef = B45523C22C2A91F200C72ACA /* DetailContentView.swift */; };
		B45C290B2C269B13007E9116 /* FoodlyApp.swift in Sources */ = {isa = PBXBuildFile; fileRef = B45C290A2C269B13007E9116 /* FoodlyApp.swift */; };
		B45C290D2C269B13007E9116 /* ContentView.swift in Sources */ = {isa = PBXBuildFile; fileRef = B45C290C2C269B13007E9116 /* ContentView.swift */; };
		B45C290F2C269B15007E9116 /* Assets.xcassets in Resources */ = {isa = PBXBuildFile; fileRef = B45C290E2C269B15007E9116 /* Assets.xcassets */; };
		B45C29122C269B15007E9116 /* Preview Assets.xcassets in Resources */ = {isa = PBXBuildFile; fileRef = B45C29112C269B15007E9116 /* Preview Assets.xcassets */; };
		B45C291A2C26A7C7007E9116 /* MainTabView.swift in Sources */ = {isa = PBXBuildFile; fileRef = B45C29192C26A7C7007E9116 /* MainTabView.swift */; };
		B45C29222C26A851007E9116 /* ProfileView.swift in Sources */ = {isa = PBXBuildFile; fileRef = B45C29212C26A851007E9116 /* ProfileView.swift */; };
		B45C29242C26A85D007E9116 /* OrderView.swift in Sources */ = {isa = PBXBuildFile; fileRef = B45C29232C26A85D007E9116 /* OrderView.swift */; };
		B45C29262C26A868007E9116 /* CartView.swift in Sources */ = {isa = PBXBuildFile; fileRef = B45C29252C26A868007E9116 /* CartView.swift */; };
		B45C29282C26A873007E9116 /* HomeView.swift in Sources */ = {isa = PBXBuildFile; fileRef = B45C29272C26A873007E9116 /* HomeView.swift */; };
		B45C292B2C26A9D7007E9116 /* HomeHeaderView.swift in Sources */ = {isa = PBXBuildFile; fileRef = B45C292A2C26A9D7007E9116 /* HomeHeaderView.swift */; };
		B45C292D2C26AF85007E9116 /* DrawerContentView.swift in Sources */ = {isa = PBXBuildFile; fileRef = B45C292C2C26AF85007E9116 /* DrawerContentView.swift */; };
		B46570A12C27E8280071CCAE /* HomeSearchView.swift in Sources */ = {isa = PBXBuildFile; fileRef = B46570A02C27E8280071CCAE /* HomeSearchView.swift */; };
		B46570A32C27EFF70071CCAE /* HomeScrollButtonView.swift in Sources */ = {isa = PBXBuildFile; fileRef = B46570A22C27EFF70071CCAE /* HomeScrollButtonView.swift */; };
		B46570A52C27F4A20071CCAE /* BannerView.swift in Sources */ = {isa = PBXBuildFile; fileRef = B46570A42C27F4A20071CCAE /* BannerView.swift */; };
		B49A33EC2C2939EF002679A4 /* HomeProductsView.swift in Sources */ = {isa = PBXBuildFile; fileRef = B49A33EB2C2939EF002679A4 /* HomeProductsView.swift */; };
/* End PBXBuildFile section */

/* Begin PBXFileReference section */
		B45523B92C2A7FA600C72ACA /* ProductDetailView.swift */ = {isa = PBXFileReference; lastKnownFileType = sourcecode.swift; path = ProductDetailView.swift; sourceTree = "<group>"; };
		B45523BE2C2A83E100C72ACA /* DetailHeaderView.swift */ = {isa = PBXFileReference; lastKnownFileType = sourcecode.swift; path = DetailHeaderView.swift; sourceTree = "<group>"; };
		B45523C02C2A86E100C72ACA /* ImageCarouselView.swift */ = {isa = PBXFileReference; lastKnownFileType = sourcecode.swift; path = ImageCarouselView.swift; sourceTree = "<group>"; };
		B45523C22C2A91F200C72ACA /* DetailContentView.swift */ = {isa = PBXFileReference; lastKnownFileType = sourcecode.swift; path = DetailContentView.swift; sourceTree = "<group>"; };
		B45C29072C269B13007E9116 /* Foodly.app */ = {isa = PBXFileReference; explicitFileType = wrapper.application; includeInIndex = 0; path = Foodly.app; sourceTree = BUILT_PRODUCTS_DIR; };
		B45C290A2C269B13007E9116 /* FoodlyApp.swift */ = {isa = PBXFileReference; lastKnownFileType = sourcecode.swift; path = FoodlyApp.swift; sourceTree = "<group>"; };
		B45C290C2C269B13007E9116 /* ContentView.swift */ = {isa = PBXFileReference; lastKnownFileType = sourcecode.swift; path = ContentView.swift; sourceTree = "<group>"; };
		B45C290E2C269B15007E9116 /* Assets.xcassets */ = {isa = PBXFileReference; lastKnownFileType = folder.assetcatalog; path = Assets.xcassets; sourceTree = "<group>"; };
		B45C29112C269B15007E9116 /* Preview Assets.xcassets */ = {isa = PBXFileReference; lastKnownFileType = folder.assetcatalog; path = "Preview Assets.xcassets"; sourceTree = "<group>"; };
		B45C29192C26A7C7007E9116 /* MainTabView.swift */ = {isa = PBXFileReference; lastKnownFileType = sourcecode.swift; path = MainTabView.swift; sourceTree = "<group>"; };
		B45C29212C26A851007E9116 /* ProfileView.swift */ = {isa = PBXFileReference; lastKnownFileType = sourcecode.swift; path = ProfileView.swift; sourceTree = "<group>"; };
		B45C29232C26A85D007E9116 /* OrderView.swift */ = {isa = PBXFileReference; lastKnownFileType = sourcecode.swift; path = OrderView.swift; sourceTree = "<group>"; };
		B45C29252C26A868007E9116 /* CartView.swift */ = {isa = PBXFileReference; lastKnownFileType = sourcecode.swift; path = CartView.swift; sourceTree = "<group>"; };
		B45C29272C26A873007E9116 /* HomeView.swift */ = {isa = PBXFileReference; lastKnownFileType = sourcecode.swift; path = HomeView.swift; sourceTree = "<group>"; };
		B45C292A2C26A9D7007E9116 /* HomeHeaderView.swift */ = {isa = PBXFileReference; lastKnownFileType = sourcecode.swift; path = HomeHeaderView.swift; sourceTree = "<group>"; };
		B45C292C2C26AF85007E9116 /* DrawerContentView.swift */ = {isa = PBXFileReference; lastKnownFileType = sourcecode.swift; path = DrawerContentView.swift; sourceTree = "<group>"; };
		B46570A02C27E8280071CCAE /* HomeSearchView.swift */ = {isa = PBXFileReference; lastKnownFileType = sourcecode.swift; path = HomeSearchView.swift; sourceTree = "<group>"; };
		B46570A22C27EFF70071CCAE /* HomeScrollButtonView.swift */ = {isa = PBXFileReference; lastKnownFileType = sourcecode.swift; path = HomeScrollButtonView.swift; sourceTree = "<group>"; };
		B46570A42C27F4A20071CCAE /* BannerView.swift */ = {isa = PBXFileReference; lastKnownFileType = sourcecode.swift; path = BannerView.swift; sourceTree = "<group>"; };
		B49A33EB2C2939EF002679A4 /* HomeProductsView.swift */ = {isa = PBXFileReference; lastKnownFileType = sourcecode.swift; path = HomeProductsView.swift; sourceTree = "<group>"; };
/* End PBXFileReference section */

/* Begin PBXFrameworksBuildPhase section */
		B45C29042C269B13007E9116 /* Frameworks */ = {
			isa = PBXFrameworksBuildPhase;
			buildActionMask = 2147483647;
			files = (
			);
			runOnlyForDeploymentPostprocessing = 0;
		};
/* End PBXFrameworksBuildPhase section */

/* Begin PBXGroup section */
		B45523B82C2A7F8B00C72ACA /* ProductDetail */ = {
			isa = PBXGroup;
			children = (
				B45523B92C2A7FA600C72ACA /* ProductDetailView.swift */,
				B45523BE2C2A83E100C72ACA /* DetailHeaderView.swift */,
				B45523C02C2A86E100C72ACA /* ImageCarouselView.swift */,
				B45523C22C2A91F200C72ACA /* DetailContentView.swift */,
			);
			path = ProductDetail;
			sourceTree = "<group>";
		};
		B45C28FE2C269B13007E9116 = {
			isa = PBXGroup;
			children = (
				B45C29092C269B13007E9116 /* Foodly */,
				B45C29082C269B13007E9116 /* Products */,
			);
			sourceTree = "<group>";
		};
		B45C29082C269B13007E9116 /* Products */ = {
			isa = PBXGroup;
			children = (
				B45C29072C269B13007E9116 /* Foodly.app */,
			);
			name = Products;
			sourceTree = "<group>";
		};
		B45C29092C269B13007E9116 /* Foodly */ = {
			isa = PBXGroup;
			children = (
				B45C29292C26A899007E9116 /* Models */,
				B45C29182C26A7A0007E9116 /* App */,
				B45C29202C26A828007E9116 /* Components */,
				B45C291B2C26A7D0007E9116 /* Screens */,
				B45C290C2C269B13007E9116 /* ContentView.swift */,
				B45C290E2C269B15007E9116 /* Assets.xcassets */,
				B45C29102C269B15007E9116 /* Preview Content */,
				B45C29192C26A7C7007E9116 /* MainTabView.swift */,
			);
			path = Foodly;
			sourceTree = "<group>";
		};
		B45C29102C269B15007E9116 /* Preview Content */ = {
			isa = PBXGroup;
			children = (
				B45C29112C269B15007E9116 /* Preview Assets.xcassets */,
			);
			path = "Preview Content";
			sourceTree = "<group>";
		};
		B45C29182C26A7A0007E9116 /* App */ = {
			isa = PBXGroup;
			children = (
				B45C290A2C269B13007E9116 /* FoodlyApp.swift */,
			);
			path = App;
			sourceTree = "<group>";
		};
		B45C291B2C26A7D0007E9116 /* Screens */ = {
			isa = PBXGroup;
			children = (
				B45523B82C2A7F8B00C72ACA /* ProductDetail */,
				B45C291F2C26A81C007E9116 /* Profile */,
				B45C291E2C26A813007E9116 /* Order */,
				B45C291D2C26A7E8007E9116 /* Cart */,
				B45C291C2C26A7E1007E9116 /* Home */,
			);
			path = Screens;
			sourceTree = "<group>";
		};
		B45C291C2C26A7E1007E9116 /* Home */ = {
			isa = PBXGroup;
			children = (
				B45C29272C26A873007E9116 /* HomeView.swift */,
				B45C292A2C26A9D7007E9116 /* HomeHeaderView.swift */,
				B46570A02C27E8280071CCAE /* HomeSearchView.swift */,
				B46570A22C27EFF70071CCAE /* HomeScrollButtonView.swift */,
				B46570A42C27F4A20071CCAE /* BannerView.swift */,
				B49A33EB2C2939EF002679A4 /* HomeProductsView.swift */,
			);
			path = Home;
			sourceTree = "<group>";
		};
		B45C291D2C26A7E8007E9116 /* Cart */ = {
			isa = PBXGroup;
			children = (
				B45C29252C26A868007E9116 /* CartView.swift */,
			);
			path = Cart;
			sourceTree = "<group>";
		};
		B45C291E2C26A813007E9116 /* Order */ = {
			isa = PBXGroup;
			children = (
				B45C29232C26A85D007E9116 /* OrderView.swift */,
			);
			path = Order;
			sourceTree = "<group>";
		};
		B45C291F2C26A81C007E9116 /* Profile */ = {
			isa = PBXGroup;
			children = (
				B45C29212C26A851007E9116 /* ProfileView.swift */,
			);
			path = Profile;
			sourceTree = "<group>";
		};
		B45C29202C26A828007E9116 /* Components */ = {
			isa = PBXGroup;
			children = (
				B45C292C2C26AF85007E9116 /* DrawerContentView.swift */,
			);
			path = Components;
			sourceTree = "<group>";
		};
		B45C29292C26A899007E9116 /* Models */ = {
			isa = PBXGroup;
			children = (
			);
			path = Models;
			sourceTree = "<group>";
		};
/* End PBXGroup section */

/* Begin PBXNativeTarget section */
		B45C29062C269B13007E9116 /* Foodly */ = {
			isa = PBXNativeTarget;
			buildConfigurationList = B45C29152C269B15007E9116 /* Build configuration list for PBXNativeTarget "Foodly" */;
			buildPhases = (
				B45C29032C269B13007E9116 /* Sources */,
				B45C29042C269B13007E9116 /* Frameworks */,
				B45C29052C269B13007E9116 /* Resources */,
			);
			buildRules = (
			);
			dependencies = (
			);
			name = Foodly;
			productName = Foodly;
			productReference = B45C29072C269B13007E9116 /* Foodly.app */;
			productType = "com.apple.product-type.application";
		};
/* End PBXNativeTarget section */

/* Begin PBXProject section */
		B45C28FF2C269B13007E9116 /* Project object */ = {
			isa = PBXProject;
			attributes = {
				BuildIndependentTargetsInParallel = 1;
				LastSwiftUpdateCheck = 1520;
				LastUpgradeCheck = 1520;
				TargetAttributes = {
					B45C29062C269B13007E9116 = {
						CreatedOnToolsVersion = 15.2;
					};
				};
			};
			buildConfigurationList = B45C29022C269B13007E9116 /* Build configuration list for PBXProject "Foodly" */;
			compatibilityVersion = "Xcode 14.0";
			developmentRegion = en;
			hasScannedForEncodings = 0;
			knownRegions = (
				en,
				Base,
			);
			mainGroup = B45C28FE2C269B13007E9116;
			productRefGroup = B45C29082C269B13007E9116 /* Products */;
			projectDirPath = "";
			projectRoot = "";
			targets = (
				B45C29062C269B13007E9116 /* Foodly */,
			);
		};
/* End PBXProject section */

/* Begin PBXResourcesBuildPhase section */
		B45C29052C269B13007E9116 /* Resources */ = {
			isa = PBXResourcesBuildPhase;
			buildActionMask = 2147483647;
			files = (
				B45C29122C269B15007E9116 /* Preview Assets.xcassets in Resources */,
				B45C290F2C269B15007E9116 /* Assets.xcassets in Resources */,
			);
			runOnlyForDeploymentPostprocessing = 0;
		};
/* End PBXResourcesBuildPhase section */

/* Begin PBXSourcesBuildPhase section */
		B45C29032C269B13007E9116 /* Sources */ = {
			isa = PBXSourcesBuildPhase;
			buildActionMask = 2147483647;
			files = (
				B45C29262C26A868007E9116 /* CartView.swift in Sources */,
				B45523BA2C2A7FA600C72ACA /* ProductDetailView.swift in Sources */,
				B45C29282C26A873007E9116 /* HomeView.swift in Sources */,
				B45C29222C26A851007E9116 /* ProfileView.swift in Sources */,
				B45C292D2C26AF85007E9116 /* DrawerContentView.swift in Sources */,
				B45C290D2C269B13007E9116 /* ContentView.swift in Sources */,
				B46570A32C27EFF70071CCAE /* HomeScrollButtonView.swift in Sources */,
				B46570A12C27E8280071CCAE /* HomeSearchView.swift in Sources */,
				B45C292B2C26A9D7007E9116 /* HomeHeaderView.swift in Sources */,
				B46570A52C27F4A20071CCAE /* BannerView.swift in Sources */,
				B49A33EC2C2939EF002679A4 /* HomeProductsView.swift in Sources */,
				B45C290B2C269B13007E9116 /* FoodlyApp.swift in Sources */,
				B45C291A2C26A7C7007E9116 /* MainTabView.swift in Sources */,
				B45C29242C26A85D007E9116 /* OrderView.swift in Sources */,
				B45523C32C2A91F200C72ACA /* DetailContentView.swift in Sources */,
				B45523C12C2A86E100C72ACA /* ImageCarouselView.swift in Sources */,
				B45523BF2C2A83E100C72ACA /* DetailHeaderView.swift in Sources */,
			);
			runOnlyForDeploymentPostprocessing = 0;
		};
/* End PBXSourcesBuildPhase section */

/* Begin XCBuildConfiguration section */
		B45C29132C269B15007E9116 /* Debug */ = {
			isa = XCBuildConfiguration;
			buildSettings = {
				ALWAYS_SEARCH_USER_PATHS = NO;
				ASSETCATALOG_COMPILER_GENERATE_SWIFT_ASSET_SYMBOL_EXTENSIONS = YES;
				CLANG_ANALYZER_NONNULL = YES;
				CLANG_ANALYZER_NUMBER_OBJECT_CONVERSION = YES_AGGRESSIVE;
				CLANG_CXX_LANGUAGE_STANDARD = "gnu++20";
				CLANG_ENABLE_MODULES = YES;
				CLANG_ENABLE_OBJC_ARC = YES;
				CLANG_ENABLE_OBJC_WEAK = YES;
				CLANG_WARN_BLOCK_CAPTURE_AUTORELEASING = YES;
				CLANG_WARN_BOOL_CONVERSION = YES;
				CLANG_WARN_COMMA = YES;
				CLANG_WARN_CONSTANT_CONVERSION = YES;
				CLANG_WARN_DEPRECATED_OBJC_IMPLEMENTATIONS = YES;
				CLANG_WARN_DIRECT_OBJC_ISA_USAGE = YES_ERROR;
				CLANG_WARN_DOCUMENTATION_COMMENTS = YES;
				CLANG_WARN_EMPTY_BODY = YES;
				CLANG_WARN_ENUM_CONVERSION = YES;
				CLANG_WARN_INFINITE_RECURSION = YES;
				CLANG_WARN_INT_CONVERSION = YES;
				CLANG_WARN_NON_LITERAL_NULL_CONVERSION = YES;
				CLANG_WARN_OBJC_IMPLICIT_RETAIN_SELF = YES;
				CLANG_WARN_OBJC_LITERAL_CONVERSION = YES;
				CLANG_WARN_OBJC_ROOT_CLASS = YES_ERROR;
				CLANG_WARN_QUOTED_INCLUDE_IN_FRAMEWORK_HEADER = YES;
				CLANG_WARN_RANGE_LOOP_ANALYSIS = YES;
				CLANG_WARN_STRICT_PROTOTYPES = YES;
				CLANG_WARN_SUSPICIOUS_MOVE = YES;
				CLANG_WARN_UNGUARDED_AVAILABILITY = YES_AGGRESSIVE;
				CLANG_WARN_UNREACHABLE_CODE = YES;
				CLANG_WARN__DUPLICATE_METHOD_MATCH = YES;
				COPY_PHASE_STRIP = NO;
				DEBUG_INFORMATION_FORMAT = dwarf;
				ENABLE_STRICT_OBJC_MSGSEND = YES;
				ENABLE_TESTABILITY = YES;
				ENABLE_USER_SCRIPT_SANDBOXING = YES;
				GCC_C_LANGUAGE_STANDARD = gnu17;
				GCC_DYNAMIC_NO_PIC = NO;
				GCC_NO_COMMON_BLOCKS = YES;
				GCC_OPTIMIZATION_LEVEL = 0;
				GCC_PREPROCESSOR_DEFINITIONS = (
					"DEBUG=1",
					"$(inherited)",
				);
				GCC_WARN_64_TO_32_BIT_CONVERSION = YES;
				GCC_WARN_ABOUT_RETURN_TYPE = YES_ERROR;
				GCC_WARN_UNDECLARED_SELECTOR = YES;
				GCC_WARN_UNINITIALIZED_AUTOS = YES_AGGRESSIVE;
				GCC_WARN_UNUSED_FUNCTION = YES;
				GCC_WARN_UNUSED_VARIABLE = YES;
				IPHONEOS_DEPLOYMENT_TARGET = 17.2;
				LOCALIZATION_PREFERS_STRING_CATALOGS = YES;
				MTL_ENABLE_DEBUG_INFO = INCLUDE_SOURCE;
				MTL_FAST_MATH = YES;
				ONLY_ACTIVE_ARCH = YES;
				SDKROOT = iphoneos;
				SWIFT_ACTIVE_COMPILATION_CONDITIONS = "DEBUG $(inherited)";
				SWIFT_OPTIMIZATION_LEVEL = "-Onone";
			};
			name = Debug;
		};
		B45C29142C269B15007E9116 /* Release */ = {
			isa = XCBuildConfiguration;
			buildSettings = {
				ALWAYS_SEARCH_USER_PATHS = NO;
				ASSETCATALOG_COMPILER_GENERATE_SWIFT_ASSET_SYMBOL_EXTENSIONS = YES;
				CLANG_ANALYZER_NONNULL = YES;
				CLANG_ANALYZER_NUMBER_OBJECT_CONVERSION = YES_AGGRESSIVE;
				CLANG_CXX_LANGUAGE_STANDARD = "gnu++20";
				CLANG_ENABLE_MODULES = YES;
				CLANG_ENABLE_OBJC_ARC = YES;
				CLANG_ENABLE_OBJC_WEAK = YES;
				CLANG_WARN_BLOCK_CAPTURE_AUTORELEASING = YES;
				CLANG_WARN_BOOL_CONVERSION = YES;
				CLANG_WARN_COMMA = YES;
				CLANG_WARN_CONSTANT_CONVERSION = YES;
				CLANG_WARN_DEPRECATED_OBJC_IMPLEMENTATIONS = YES;
				CLANG_WARN_DIRECT_OBJC_ISA_USAGE = YES_ERROR;
				CLANG_WARN_DOCUMENTATION_COMMENTS = YES;
				CLANG_WARN_EMPTY_BODY = YES;
				CLANG_WARN_ENUM_CONVERSION = YES;
				CLANG_WARN_INFINITE_RECURSION = YES;
				CLANG_WARN_INT_CONVERSION = YES;
				CLANG_WARN_NON_LITERAL_NULL_CONVERSION = YES;
				CLANG_WARN_OBJC_IMPLICIT_RETAIN_SELF = YES;
				CLANG_WARN_OBJC_LITERAL_CONVERSION = YES;
				CLANG_WARN_OBJC_ROOT_CLASS = YES_ERROR;
				CLANG_WARN_QUOTED_INCLUDE_IN_FRAMEWORK_HEADER = YES;
				CLANG_WARN_RANGE_LOOP_ANALYSIS = YES;
				CLANG_WARN_STRICT_PROTOTYPES = YES;
				CLANG_WARN_SUSPICIOUS_MOVE = YES;
				CLANG_WARN_UNGUARDED_AVAILABILITY = YES_AGGRESSIVE;
				CLANG_WARN_UNREACHABLE_CODE = YES;
				CLANG_WARN__DUPLICATE_METHOD_MATCH = YES;
				COPY_PHASE_STRIP = NO;
				DEBUG_INFORMATION_FORMAT = "dwarf-with-dsym";
				ENABLE_NS_ASSERTIONS = NO;
				ENABLE_STRICT_OBJC_MSGSEND = YES;
				ENABLE_USER_SCRIPT_SANDBOXING = YES;
				GCC_C_LANGUAGE_STANDARD = gnu17;
				GCC_NO_COMMON_BLOCKS = YES;
				GCC_WARN_64_TO_32_BIT_CONVERSION = YES;
				GCC_WARN_ABOUT_RETURN_TYPE = YES_ERROR;
				GCC_WARN_UNDECLARED_SELECTOR = YES;
				GCC_WARN_UNINITIALIZED_AUTOS = YES_AGGRESSIVE;
				GCC_WARN_UNUSED_FUNCTION = YES;
				GCC_WARN_UNUSED_VARIABLE = YES;
				IPHONEOS_DEPLOYMENT_TARGET = 17.2;
				LOCALIZATION_PREFERS_STRING_CATALOGS = YES;
				MTL_ENABLE_DEBUG_INFO = NO;
				MTL_FAST_MATH = YES;
				SDKROOT = iphoneos;
				SWIFT_COMPILATION_MODE = wholemodule;
				VALIDATE_PRODUCT = YES;
			};
			name = Release;
		};
		B45C29162C269B15007E9116 /* Debug */ = {
			isa = XCBuildConfiguration;
			buildSettings = {
				ASSETCATALOG_COMPILER_APPICON_NAME = AppIcon;
				ASSETCATALOG_COMPILER_GLOBAL_ACCENT_COLOR_NAME = AccentColor;
				CODE_SIGN_STYLE = Automatic;
				CURRENT_PROJECT_VERSION = 1;
				DEVELOPMENT_ASSET_PATHS = "\"Foodly/Preview Content\"";
				ENABLE_PREVIEWS = YES;
				GENERATE_INFOPLIST_FILE = YES;
				INFOPLIST_KEY_UIApplicationSceneManifest_Generation = YES;
				INFOPLIST_KEY_UIApplicationSupportsIndirectInputEvents = YES;
				INFOPLIST_KEY_UILaunchScreen_Generation = YES;
				INFOPLIST_KEY_UISupportedInterfaceOrientations_iPad = "UIInterfaceOrientationPortrait UIInterfaceOrientationPortraitUpsideDown UIInterfaceOrientationLandscapeLeft UIInterfaceOrientationLandscapeRight";
				INFOPLIST_KEY_UISupportedInterfaceOrientations_iPhone = "UIInterfaceOrientationPortrait UIInterfaceOrientationLandscapeLeft UIInterfaceOrientationLandscapeRight";
				LD_RUNPATH_SEARCH_PATHS = (
					"$(inherited)",
					"@executable_path/Frameworks",
				);
				MARKETING_VERSION = 1.0;
				PRODUCT_BUNDLE_IDENTIFIER = com.atiqulislamwb.Foodly;
				PRODUCT_NAME = "$(TARGET_NAME)";
				SWIFT_EMIT_LOC_STRINGS = YES;
				SWIFT_VERSION = 5.0;
				TARGETED_DEVICE_FAMILY = "1,2";
			};
			name = Debug;
		};
		B45C29172C269B15007E9116 /* Release */ = {
			isa = XCBuildConfiguration;
			buildSettings = {
				ASSETCATALOG_COMPILER_APPICON_NAME = AppIcon;
				ASSETCATALOG_COMPILER_GLOBAL_ACCENT_COLOR_NAME = AccentColor;
				CODE_SIGN_STYLE = Automatic;
				CURRENT_PROJECT_VERSION = 1;
				DEVELOPMENT_ASSET_PATHS = "\"Foodly/Preview Content\"";
				ENABLE_PREVIEWS = YES;
				GENERATE_INFOPLIST_FILE = YES;
				INFOPLIST_KEY_UIApplicationSceneManifest_Generation = YES;
				INFOPLIST_KEY_UIApplicationSupportsIndirectInputEvents = YES;
				INFOPLIST_KEY_UILaunchScreen_Generation = YES;
				INFOPLIST_KEY_UISupportedInterfaceOrientations_iPad = "UIInterfaceOrientationPortrait UIInterfaceOrientationPortraitUpsideDown UIInterfaceOrientationLandscapeLeft UIInterfaceOrientationLandscapeRight";
				INFOPLIST_KEY_UISupportedInterfaceOrientations_iPhone = "UIInterfaceOrientationPortrait UIInterfaceOrientationLandscapeLeft UIInterfaceOrientationLandscapeRight";
				LD_RUNPATH_SEARCH_PATHS = (
					"$(inherited)",
					"@executable_path/Frameworks",
				);
				MARKETING_VERSION = 1.0;
				PRODUCT_BUNDLE_IDENTIFIER = com.atiqulislamwb.Foodly;
				PRODUCT_NAME = "$(TARGET_NAME)";
				SWIFT_EMIT_LOC_STRINGS = YES;
				SWIFT_VERSION = 5.0;
				TARGETED_DEVICE_FAMILY = "1,2";
			};
			name = Release;
		};
/* End XCBuildConfiguration section */

/* Begin XCConfigurationList section */
		B45C29022C269B13007E9116 /* Build configuration list for PBXProject "Foodly" */ = {
			isa = XCConfigurationList;
			buildConfigurations = (
				B45C29132C269B15007E9116 /* Debug */,
				B45C29142C269B15007E9116 /* Release */,
			);
			defaultConfigurationIsVisible = 0;
			defaultConfigurationName = Release;
		};
		B45C29152C269B15007E9116 /* Build configuration list for PBXNativeTarget "Foodly" */ = {
			isa = XCConfigurationList;
			buildConfigurations = (
				B45C29162C269B15007E9116 /* Debug */,
				B45C29172C269B15007E9116 /* Release */,
			);
			defaultConfigurationIsVisible = 0;
			defaultConfigurationName = Release;
		};
/* End XCConfigurationList section */
	};
	rootObject = B45C28FF2C269B13007E9116 /* Project object */;
}
